
Microsoft Visual Studio Solution File, Format Version 12.00
# Visual Studio Version 17
VisualStudioVersion = 17.0.31903.59
MinimumVisualStudioVersion = 10.0.40219.1
Project("{FAE04EC0-301F-11D3-BF4B-00C04F79EFBC}") = "get-quote-api-dotnet-test", "tests\get-quote-api-dotnet-test.csproj", "{BBE72EDB-643A-4ABF-B31A-1C97CA5CD0AB}"
EndProject
Project("{FAE04EC0-301F-11D3-BF4B-00C04F79EFBC}") = "got-quote-api-dotnet", "src\got-quote-api-dotnet.csproj", "{444048E1-878B-460F-AB0B-234668CB6130}"
EndProject
Global
	GlobalSection(SolutionConfigurationPlatforms) = preSolution
		Debug|Any CPU = Debug|Any CPU
		Release|Any CPU = Release|Any CPU
	EndGlobalSection
	GlobalSection(SolutionProperties) = preSolution
		HideSolutionNode = FALSE
	EndGlobalSection
	GlobalSection(ProjectConfigurationPlatforms) = postSolution
		{BBE72EDB-643A-4ABF-B31A-1C97CA5CD0AB}.Debug|Any CPU.ActiveCfg = Debug|Any CPU
		{BBE72EDB-643A-4ABF-B31A-1C97CA5CD0AB}.Debug|Any CPU.Build.0 = Debug|Any CPU
		{BBE72EDB-643A-4ABF-B31A-1C97CA5CD0AB}.Release|Any CPU.ActiveCfg = Release|Any CPU
		{BBE72EDB-643A-4ABF-B31A-1C97CA5CD0AB}.Release|Any CPU.Build.0 = Release|Any CPU
		{444048E1-878B-460F-AB0B-234668CB6130}.Debug|Any CPU.ActiveCfg = Debug|Any CPU
		{444048E1-878B-460F-AB0B-234668CB6130}.Debug|Any CPU.Build.0 = Debug|Any CPU
		{444048E1-878B-460F-AB0B-234668CB6130}.Release|Any CPU.ActiveCfg = Release|Any CPU
		{444048E1-878B-460F-AB0B-234668CB6130}.Release|Any CPU.Build.0 = Release|Any CPU
	EndGlobalSection
EndGlobal
